
Microsoft Visual Studio Solution File, Format Version 12.00
# Visual Studio Version 16
VisualStudioVersion = 16.0.29519.87
MinimumVisualStudioVersion = 10.0.40219.1
Project("{FAE04EC0-301F-11D3-BF4B-00C04F79EFBC}") = "WeatherPlConsole", "WeatherPLConsole\WeatherPlConsole.csproj", "{E3099F9C-5007-4230-ABF6-75230ECF3AE2}"
EndProject
Project("{FAE04EC0-301F-11D3-BF4B-00C04F79EFBC}") = "WeatherBL", "WeatherBL\WeatherBL.csproj", "{D4D20849-6734-47F2-8768-8B2BB775AC69}"
	ProjectSection(ProjectDependencies) = postProject
		{365ACAD3-9E58-4E96-B250-8B9DACE0AAB4} = {365ACAD3-9E58-4E96-B250-8B9DACE0AAB4}
	EndProjectSection
EndProject
Project("{FAE04EC0-301F-11D3-BF4B-00C04F79EFBC}") = "WeatherDalApi", "WeatherDLAPI\WeatherDalApi.csproj", "{365ACAD3-9E58-4E96-B250-8B9DACE0AAB4}"
EndProject
Project("{FAE04EC0-301F-11D3-BF4B-00C04F79EFBC}") = "WeatherDalObject", "WeatherDalObject\WeatherDalObject.csproj", "{80253FDD-4626-4731-AC2D-CF0BFE69ED63}"
	ProjectSection(ProjectDependencies) = postProject
		{365ACAD3-9E58-4E96-B250-8B9DACE0AAB4} = {365ACAD3-9E58-4E96-B250-8B9DACE0AAB4}
	EndProjectSection
EndProject
Project("{2150E333-8FDC-42A3-9474-1A3956D46DE8}") = "Solution Items", "Solution Items", "{A4028B3A-A1DA-418E-A7D3-807579502B93}"
	ProjectSection(SolutionItems) = preProject
		.editorconfig = .editorconfig
		bin\config.xml = bin\config.xml
	EndProjectSection
EndProject
Project("{FAE04EC0-301F-11D3-BF4B-00C04F79EFBC}") = "WeatherDS", "WeatherDS\WeatherDS.csproj", "{7349EEB0-3839-4B3E-863A-D5096BE93894}"
EndProject
Project("{FAE04EC0-301F-11D3-BF4B-00C04F79EFBC}") = "Step1PL", "SimplePL\Step1PL.csproj", "{3A731D94-25B9-4562-9738-43CF939F797D}"
	ProjectSection(ProjectDependencies) = postProject
		{3EF21725-07C7-4A9F-B253-FCF340FF0142} = {3EF21725-07C7-4A9F-B253-FCF340FF0142}
	EndProjectSection
EndProject
Project("{FAE04EC0-301F-11D3-BF4B-00C04F79EFBC}") = "Step1BL", "SimpleBL\Step1BL.csproj", "{3EF21725-07C7-4A9F-B253-FCF340FF0142}"
EndProject
Project("{FAE04EC0-301F-11D3-BF4B-00C04F79EFBC}") = "Step1DAL", "SimpleDAL\Step1DAL.csproj", "{ADD094C5-D24A-4F63-AFE3-8CE52608CBFD}"
EndProject
Project("{FAE04EC0-301F-11D3-BF4B-00C04F79EFBC}") = "Step2DAL", "Step2DAL\Step2DAL.csproj", "{7B9B155B-FCF3-4A2B-84FC-2C4461FE45BC}"
EndProject
Project("{FAE04EC0-301F-11D3-BF4B-00C04F79EFBC}") = "Step2BL", "Step2BL\Step2BL.csproj", "{0EE2BF09-1268-4631-8A68-587239291E40}"
EndProject
Project("{FAE04EC0-301F-11D3-BF4B-00C04F79EFBC}") = "Step3DAL", "Step3DAL\Step3DAL.csproj", "{E5AABDC1-54E5-443E-9627-EBA8B4951E9F}"
EndProject
Project("{FAE04EC0-301F-11D3-BF4B-00C04F79EFBC}") = "Step2PL", "Step2PL\Step2PL.csproj", "{09A8E6C4-6382-4048-BF10-B15ED2EE53AA}"
EndProject
Project("{FAE04EC0-301F-11D3-BF4B-00C04F79EFBC}") = "Step3BL", "Step3BL\Step3BL.csproj", "{7B75DD46-2AD3-4110-91E1-F67D9016A551}"
EndProject
Project("{FAE04EC0-301F-11D3-BF4B-00C04F79EFBC}") = "Step3PL", "Step3PL\Step3PL.csproj", "{FFB3EDB2-F87F-44D7-A312-5020A89298AC}"
EndProject
Global
	GlobalSection(SolutionConfigurationPlatforms) = preSolution
		Debug|Any CPU = Debug|Any CPU
		Release|Any CPU = Release|Any CPU
	EndGlobalSection
	GlobalSection(ProjectConfigurationPlatforms) = postSolution
		{E3099F9C-5007-4230-ABF6-75230ECF3AE2}.Debug|Any CPU.ActiveCfg = Debug|Any CPU
		{E3099F9C-5007-4230-ABF6-75230ECF3AE2}.Debug|Any CPU.Build.0 = Debug|Any CPU
		{E3099F9C-5007-4230-ABF6-75230ECF3AE2}.Release|Any CPU.ActiveCfg = Release|Any CPU
		{E3099F9C-5007-4230-ABF6-75230ECF3AE2}.Release|Any CPU.Build.0 = Release|Any CPU
		{D4D20849-6734-47F2-8768-8B2BB775AC69}.Debug|Any CPU.ActiveCfg = Debug|Any CPU
		{D4D20849-6734-47F2-8768-8B2BB775AC69}.Debug|Any CPU.Build.0 = Debug|Any CPU
		{D4D20849-6734-47F2-8768-8B2BB775AC69}.Release|Any CPU.ActiveCfg = Release|Any CPU
		{D4D20849-6734-47F2-8768-8B2BB775AC69}.Release|Any CPU.Build.0 = Release|Any CPU
		{365ACAD3-9E58-4E96-B250-8B9DACE0AAB4}.Debug|Any CPU.ActiveCfg = Debug|Any CPU
		{365ACAD3-9E58-4E96-B250-8B9DACE0AAB4}.Debug|Any CPU.Build.0 = Debug|Any CPU
		{365ACAD3-9E58-4E96-B250-8B9DACE0AAB4}.Release|Any CPU.ActiveCfg = Release|Any CPU
		{365ACAD3-9E58-4E96-B250-8B9DACE0AAB4}.Release|Any CPU.Build.0 = Release|Any CPU
		{80253FDD-4626-4731-AC2D-CF0BFE69ED63}.Debug|Any CPU.ActiveCfg = Debug|Any CPU
		{80253FDD-4626-4731-AC2D-CF0BFE69ED63}.Debug|Any CPU.Build.0 = Debug|Any CPU
		{80253FDD-4626-4731-AC2D-CF0BFE69ED63}.Release|Any CPU.ActiveCfg = Release|Any CPU
		{80253FDD-4626-4731-AC2D-CF0BFE69ED63}.Release|Any CPU.Build.0 = Release|Any CPU
		{7349EEB0-3839-4B3E-863A-D5096BE93894}.Debug|Any CPU.ActiveCfg = Debug|Any CPU
		{7349EEB0-3839-4B3E-863A-D5096BE93894}.Debug|Any CPU.Build.0 = Debug|Any CPU
		{7349EEB0-3839-4B3E-863A-D5096BE93894}.Release|Any CPU.ActiveCfg = Release|Any CPU
		{7349EEB0-3839-4B3E-863A-D5096BE93894}.Release|Any CPU.Build.0 = Release|Any CPU
		{3A731D94-25B9-4562-9738-43CF939F797D}.Debug|Any CPU.ActiveCfg = Debug|Any CPU
		{3A731D94-25B9-4562-9738-43CF939F797D}.Debug|Any CPU.Build.0 = Debug|Any CPU
		{3A731D94-25B9-4562-9738-43CF939F797D}.Release|Any CPU.ActiveCfg = Release|Any CPU
		{3A731D94-25B9-4562-9738-43CF939F797D}.Release|Any CPU.Build.0 = Release|Any CPU
		{3EF21725-07C7-4A9F-B253-FCF340FF0142}.Debug|Any CPU.ActiveCfg = Debug|Any CPU
		{3EF21725-07C7-4A9F-B253-FCF340FF0142}.Debug|Any CPU.Build.0 = Debug|Any CPU
		{3EF21725-07C7-4A9F-B253-FCF340FF0142}.Release|Any CPU.ActiveCfg = Release|Any CPU
		{3EF21725-07C7-4A9F-B253-FCF340FF0142}.Release|Any CPU.Build.0 = Release|Any CPU
		{ADD094C5-D24A-4F63-AFE3-8CE52608CBFD}.Debug|Any CPU.ActiveCfg = Debug|Any CPU
		{ADD094C5-D24A-4F63-AFE3-8CE52608CBFD}.Debug|Any CPU.Build.0 = Debug|Any CPU
		{ADD094C5-D24A-4F63-AFE3-8CE52608CBFD}.Release|Any CPU.ActiveCfg = Release|Any CPU
		{ADD094C5-D24A-4F63-AFE3-8CE52608CBFD}.Release|Any CPU.Build.0 = Release|Any CPU
		{7B9B155B-FCF3-4A2B-84FC-2C4461FE45BC}.Debug|Any CPU.ActiveCfg = Debug|Any CPU
		{7B9B155B-FCF3-4A2B-84FC-2C4461FE45BC}.Debug|Any CPU.Build.0 = Debug|Any CPU
		{7B9B155B-FCF3-4A2B-84FC-2C4461FE45BC}.Release|Any CPU.ActiveCfg = Release|Any CPU
		{7B9B155B-FCF3-4A2B-84FC-2C4461FE45BC}.Release|Any CPU.Build.0 = Release|Any CPU
		{0EE2BF09-1268-4631-8A68-587239291E40}.Debug|Any CPU.ActiveCfg = Debug|Any CPU
		{0EE2BF09-1268-4631-8A68-587239291E40}.Debug|Any CPU.Build.0 = Debug|Any CPU
		{0EE2BF09-1268-4631-8A68-587239291E40}.Release|Any CPU.ActiveCfg = Release|Any CPU
		{0EE2BF09-1268-4631-8A68-587239291E40}.Release|Any CPU.Build.0 = Release|Any CPU
		{E5AABDC1-54E5-443E-9627-EBA8B4951E9F}.Debug|Any CPU.ActiveCfg = Debug|Any CPU
		{E5AABDC1-54E5-443E-9627-EBA8B4951E9F}.Debug|Any CPU.Build.0 = Debug|Any CPU
		{E5AABDC1-54E5-443E-9627-EBA8B4951E9F}.Release|Any CPU.ActiveCfg = Release|Any CPU
		{E5AABDC1-54E5-443E-9627-EBA8B4951E9F}.Release|Any CPU.Build.0 = Release|Any CPU
		{09A8E6C4-6382-4048-BF10-B15ED2EE53AA}.Debug|Any CPU.ActiveCfg = Debug|Any CPU
		{09A8E6C4-6382-4048-BF10-B15ED2EE53AA}.Debug|Any CPU.Build.0 = Debug|Any CPU
		{09A8E6C4-6382-4048-BF10-B15ED2EE53AA}.Release|Any CPU.ActiveCfg = Release|Any CPU
		{09A8E6C4-6382-4048-BF10-B15ED2EE53AA}.Release|Any CPU.Build.0 = Release|Any CPU
		{7B75DD46-2AD3-4110-91E1-F67D9016A551}.Debug|Any CPU.ActiveCfg = Debug|Any CPU
		{7B75DD46-2AD3-4110-91E1-F67D9016A551}.Debug|Any CPU.Build.0 = Debug|Any CPU
		{7B75DD46-2AD3-4110-91E1-F67D9016A551}.Release|Any CPU.ActiveCfg = Release|Any CPU
		{7B75DD46-2AD3-4110-91E1-F67D9016A551}.Release|Any CPU.Build.0 = Release|Any CPU
		{FFB3EDB2-F87F-44D7-A312-5020A89298AC}.Debug|Any CPU.ActiveCfg = Debug|Any CPU
		{FFB3EDB2-F87F-44D7-A312-5020A89298AC}.Debug|Any CPU.Build.0 = Debug|Any CPU
		{FFB3EDB2-F87F-44D7-A312-5020A89298AC}.Release|Any CPU.ActiveCfg = Release|Any CPU
		{FFB3EDB2-F87F-44D7-A312-5020A89298AC}.Release|Any CPU.Build.0 = Release|Any CPU
	EndGlobalSection
	GlobalSection(SolutionProperties) = preSolution
		HideSolutionNode = FALSE
	EndGlobalSection
	GlobalSection(ExtensibilityGlobals) = postSolution
		SolutionGuid = {F4FCD234-50D1-4CEF-89D2-91E8028D830C}
	EndGlobalSection
EndGlobal
