
Microsoft Visual Studio Solution File, Format Version 12.00
# Visual Studio Version 16
VisualStudioVersion = 16.0.30611.23
MinimumVisualStudioVersion = 10.0.40219.1
Project("{FAE04EC0-301F-11D3-BF4B-00C04F79EFBC}") = "dotNet_00_5781_2431_5820", "dotNet_00_5781_2431_5820\dotNet_00_5781_2431_5820.csproj", "{60B7AB08-43CB-45CE-886A-FEB84583216A}"
EndProject
Project("{FAE04EC0-301F-11D3-BF4B-00C04F79EFBC}") = "dotNet_02_5781_2431_5820", "dotNet_02_5781_2431_5820\dotNet_02_5781_2431_5820\dotNet_02_5781_2431_5820.csproj", "{E7A1A3CB-C34A-4F92-B0D8-BE9A2D4D4619}"
EndProject
Project("{FAE04EC0-301F-11D3-BF4B-00C04F79EFBC}") = "dotNet_01_5781_2431_5820", "dotNet_01_5781_2431_5820\dotNet_01_5781_2431_5820\dotNet_01_5781_2431_5820.csproj", "{A16FC5CA-1BC3-4444-AC23-E64F3050E973}"
EndProject
Project("{FAE04EC0-301F-11D3-BF4B-00C04F79EFBC}") = "dotNet_5781_3a_2431_5820", "dotNet_5781_3a_2431_5820\dotNet_5781_3a_2431_5820.csproj", "{355A4A95-C0ED-4424-86B6-AACF054BFDC7}"
EndProject
Project("{2150E333-8FDC-42A3-9474-1A3956D46DE8}") = "Solution Items", "Solution Items", "{39FDEF2F-3BBB-4949-A5AA-766451C4F1B8}"
	ProjectSection(SolutionItems) = preProject
		config.xml = config.xml
	EndProjectSection
EndProject
Project("{FAE04EC0-301F-11D3-BF4B-00C04F79EFBC}") = "DLobject", "DL\DLobject.csproj", "{10CCBC35-3674-4290-AE37-C082F4B4DB44}"
EndProject
Project("{FAE04EC0-301F-11D3-BF4B-00C04F79EFBC}") = "BL", "BL\BL.csproj", "{4FFFD950-2DAD-4DBF-B7F4-23014AF35C8D}"
EndProject
Project("{FAE04EC0-301F-11D3-BF4B-00C04F79EFBC}") = "DLAPI", "DLAPI\DLAPI.csproj", "{5551CC42-878A-4EB9-8B68-4F0EDB5C65CA}"
EndProject
Project("{FAE04EC0-301F-11D3-BF4B-00C04F79EFBC}") = "DS", "DS\DS.csproj", "{42DAD1BE-B611-4CB9-BB1B-FA81D32BD988}"
EndProject
Project("{FAE04EC0-301F-11D3-BF4B-00C04F79EFBC}") = "PL", "PL\PL.csproj", "{93A5CD33-13D4-47C6-A7A2-263708CBC14D}"
EndProject
Project("{2150E333-8FDC-42A3-9474-1A3956D46DE8}") = "DLXML", "DLXML", "{EC8D2394-BFA5-4A7C-8114-89C3B185D887}"
	ProjectSection(SolutionItems) = preProject
		DLXML.cs = DLXML.cs
		XMLTools.cs = XMLTools.cs
	EndProjectSection
EndProject
Global
	GlobalSection(SolutionConfigurationPlatforms) = preSolution
		Debug|Any CPU = Debug|Any CPU
		Release|Any CPU = Release|Any CPU
	EndGlobalSection
	GlobalSection(ProjectConfigurationPlatforms) = postSolution
		{60B7AB08-43CB-45CE-886A-FEB84583216A}.Debug|Any CPU.ActiveCfg = Debug|Any CPU
		{60B7AB08-43CB-45CE-886A-FEB84583216A}.Debug|Any CPU.Build.0 = Debug|Any CPU
		{60B7AB08-43CB-45CE-886A-FEB84583216A}.Release|Any CPU.ActiveCfg = Release|Any CPU
		{60B7AB08-43CB-45CE-886A-FEB84583216A}.Release|Any CPU.Build.0 = Release|Any CPU
		{E7A1A3CB-C34A-4F92-B0D8-BE9A2D4D4619}.Debug|Any CPU.ActiveCfg = Debug|Any CPU
		{E7A1A3CB-C34A-4F92-B0D8-BE9A2D4D4619}.Debug|Any CPU.Build.0 = Debug|Any CPU
		{E7A1A3CB-C34A-4F92-B0D8-BE9A2D4D4619}.Release|Any CPU.ActiveCfg = Release|Any CPU
		{E7A1A3CB-C34A-4F92-B0D8-BE9A2D4D4619}.Release|Any CPU.Build.0 = Release|Any CPU
		{A16FC5CA-1BC3-4444-AC23-E64F3050E973}.Debug|Any CPU.ActiveCfg = Debug|Any CPU
		{A16FC5CA-1BC3-4444-AC23-E64F3050E973}.Debug|Any CPU.Build.0 = Debug|Any CPU
		{A16FC5CA-1BC3-4444-AC23-E64F3050E973}.Release|Any CPU.ActiveCfg = Release|Any CPU
		{A16FC5CA-1BC3-4444-AC23-E64F3050E973}.Release|Any CPU.Build.0 = Release|Any CPU
		{355A4A95-C0ED-4424-86B6-AACF054BFDC7}.Debug|Any CPU.ActiveCfg = Debug|Any CPU
		{355A4A95-C0ED-4424-86B6-AACF054BFDC7}.Debug|Any CPU.Build.0 = Debug|Any CPU
		{355A4A95-C0ED-4424-86B6-AACF054BFDC7}.Release|Any CPU.ActiveCfg = Release|Any CPU
		{355A4A95-C0ED-4424-86B6-AACF054BFDC7}.Release|Any CPU.Build.0 = Release|Any CPU
		{10CCBC35-3674-4290-AE37-C082F4B4DB44}.Debug|Any CPU.ActiveCfg = Debug|Any CPU
		{10CCBC35-3674-4290-AE37-C082F4B4DB44}.Debug|Any CPU.Build.0 = Debug|Any CPU
		{10CCBC35-3674-4290-AE37-C082F4B4DB44}.Release|Any CPU.ActiveCfg = Release|Any CPU
		{10CCBC35-3674-4290-AE37-C082F4B4DB44}.Release|Any CPU.Build.0 = Release|Any CPU
		{4FFFD950-2DAD-4DBF-B7F4-23014AF35C8D}.Debug|Any CPU.ActiveCfg = Debug|Any CPU
		{4FFFD950-2DAD-4DBF-B7F4-23014AF35C8D}.Debug|Any CPU.Build.0 = Debug|Any CPU
		{4FFFD950-2DAD-4DBF-B7F4-23014AF35C8D}.Release|Any CPU.ActiveCfg = Release|Any CPU
		{4FFFD950-2DAD-4DBF-B7F4-23014AF35C8D}.Release|Any CPU.Build.0 = Release|Any CPU
		{5551CC42-878A-4EB9-8B68-4F0EDB5C65CA}.Debug|Any CPU.ActiveCfg = Debug|Any CPU
		{5551CC42-878A-4EB9-8B68-4F0EDB5C65CA}.Debug|Any CPU.Build.0 = Debug|Any CPU
		{5551CC42-878A-4EB9-8B68-4F0EDB5C65CA}.Release|Any CPU.ActiveCfg = Release|Any CPU
		{5551CC42-878A-4EB9-8B68-4F0EDB5C65CA}.Release|Any CPU.Build.0 = Release|Any CPU
		{42DAD1BE-B611-4CB9-BB1B-FA81D32BD988}.Debug|Any CPU.ActiveCfg = Debug|Any CPU
		{42DAD1BE-B611-4CB9-BB1B-FA81D32BD988}.Debug|Any CPU.Build.0 = Debug|Any CPU
		{42DAD1BE-B611-4CB9-BB1B-FA81D32BD988}.Release|Any CPU.ActiveCfg = Release|Any CPU
		{42DAD1BE-B611-4CB9-BB1B-FA81D32BD988}.Release|Any CPU.Build.0 = Release|Any CPU
		{93A5CD33-13D4-47C6-A7A2-263708CBC14D}.Debug|Any CPU.ActiveCfg = Debug|Any CPU
		{93A5CD33-13D4-47C6-A7A2-263708CBC14D}.Debug|Any CPU.Build.0 = Debug|Any CPU
		{93A5CD33-13D4-47C6-A7A2-263708CBC14D}.Release|Any CPU.ActiveCfg = Release|Any CPU
		{93A5CD33-13D4-47C6-A7A2-263708CBC14D}.Release|Any CPU.Build.0 = Release|Any CPU
	EndGlobalSection
	GlobalSection(SolutionProperties) = preSolution
		HideSolutionNode = FALSE
	EndGlobalSection
	GlobalSection(NestedProjects) = preSolution
		{EC8D2394-BFA5-4A7C-8114-89C3B185D887} = {39FDEF2F-3BBB-4949-A5AA-766451C4F1B8}
	EndGlobalSection
	GlobalSection(ExtensibilityGlobals) = postSolution
		SolutionGuid = {D2875C04-3F90-4F35-BE97-59F7787D3587}
	EndGlobalSection
EndGlobal
