
Microsoft Visual Studio Solution File, Format Version 12.00
# Visual Studio Version 16
VisualStudioVersion = 16.0.30611.23
MinimumVisualStudioVersion = 10.0.40219.1
Project("{FAE04EC0-301F-11D3-BF4B-00C04F79EFBC}") = "dotNet_00_5781_2431_5820", "dotNet_00_5781_2431_5820\dotNet_00_5781_2431_5820.csproj", "{60B7AB08-43CB-45CE-886A-FEB84583216A}"
EndProject
Project("{FAE04EC0-301F-11D3-BF4B-00C04F79EFBC}") = "dotNet_02_5781_2431_5820", "dotNet_02_5781_2431_5820\dotNet_02_5781_2431_5820\dotNet_02_5781_2431_5820.csproj", "{E7A1A3CB-C34A-4F92-B0D8-BE9A2D4D4619}"
EndProject
Project("{FAE04EC0-301F-11D3-BF4B-00C04F79EFBC}") = "dotNet_01_5781_2431_5820", "dotNet_01_5781_2431_5820\dotNet_01_5781_2431_5820\dotNet_01_5781_2431_5820.csproj", "{A16FC5CA-1BC3-4444-AC23-E64F3050E973}"
EndProject
Project("{FAE04EC0-301F-11D3-BF4B-00C04F79EFBC}") = "dotNet_5781_3a_2431_5820", "dotNet_5781_3a_2431_5820\dotNet_5781_3a_2431_5820.csproj", "{355A4A95-C0ED-4424-86B6-AACF054BFDC7}"
EndProject
Project("{2150E333-8FDC-42A3-9474-1A3956D46DE8}") = "Solution Items", "Solution Items", "{39FDEF2F-3BBB-4949-A5AA-766451C4F1B8}"
EndProject
Project("{FAE04EC0-301F-11D3-BF4B-00C04F79EFBC}") = "Step1BL", "ThreeLayer5780-master\SimpleBL\Step1BL.csproj", "{3EF21725-07C7-4A9F-B253-FCF340FF0142}"
EndProject
Project("{FAE04EC0-301F-11D3-BF4B-00C04F79EFBC}") = "Step1DAL", "ThreeLayer5780-master\SimpleDAL\Step1DAL.csproj", "{ADD094C5-D24A-4F63-AFE3-8CE52608CBFD}"
EndProject
Project("{FAE04EC0-301F-11D3-BF4B-00C04F79EFBC}") = "Step2DAL", "ThreeLayer5780-master\Step2DAL\Step2DAL.csproj", "{7B9B155B-FCF3-4A2B-84FC-2C4461FE45BC}"
EndProject
Project("{FAE04EC0-301F-11D3-BF4B-00C04F79EFBC}") = "Step2BL", "ThreeLayer5780-master\Step2BL\Step2BL.csproj", "{0EE2BF09-1268-4631-8A68-587239291E40}"
EndProject
Project("{FAE04EC0-301F-11D3-BF4B-00C04F79EFBC}") = "Step3BL", "ThreeLayer5780-master\Step3BL\Step3BL.csproj", "{7B75DD46-2AD3-4110-91E1-F67D9016A551}"
EndProject
Project("{FAE04EC0-301F-11D3-BF4B-00C04F79EFBC}") = "Step3DAL", "ThreeLayer5780-master\Step3DAL\Step3DAL.csproj", "{E5AABDC1-54E5-443E-9627-EBA8B4951E9F}"
EndProject
Project("{FAE04EC0-301F-11D3-BF4B-00C04F79EFBC}") = "WeatherBL", "ThreeLayer5780-master\WeatherBL\WeatherBL.csproj", "{D4D20849-6734-47F2-8768-8B2BB775AC69}"
EndProject
Project("{FAE04EC0-301F-11D3-BF4B-00C04F79EFBC}") = "WeatherDalObject", "ThreeLayer5780-master\WeatherDalObject\WeatherDalObject.csproj", "{80253FDD-4626-4731-AC2D-CF0BFE69ED63}"
EndProject
Project("{FAE04EC0-301F-11D3-BF4B-00C04F79EFBC}") = "WeatherDalApi", "ThreeLayer5780-master\WeatherDLAPI\WeatherDalApi.csproj", "{365ACAD3-9E58-4E96-B250-8B9DACE0AAB4}"
EndProject
Project("{FAE04EC0-301F-11D3-BF4B-00C04F79EFBC}") = "WeatherDS", "ThreeLayer5780-master\WeatherDS\WeatherDS.csproj", "{7349EEB0-3839-4B3E-863A-D5096BE93894}"
EndProject
Global
	GlobalSection(SolutionConfigurationPlatforms) = preSolution
		Debug|Any CPU = Debug|Any CPU
		Release|Any CPU = Release|Any CPU
	EndGlobalSection
	GlobalSection(ProjectConfigurationPlatforms) = postSolution
		{60B7AB08-43CB-45CE-886A-FEB84583216A}.Debug|Any CPU.ActiveCfg = Debug|Any CPU
		{60B7AB08-43CB-45CE-886A-FEB84583216A}.Debug|Any CPU.Build.0 = Debug|Any CPU
		{60B7AB08-43CB-45CE-886A-FEB84583216A}.Release|Any CPU.ActiveCfg = Release|Any CPU
		{60B7AB08-43CB-45CE-886A-FEB84583216A}.Release|Any CPU.Build.0 = Release|Any CPU
		{E7A1A3CB-C34A-4F92-B0D8-BE9A2D4D4619}.Debug|Any CPU.ActiveCfg = Debug|Any CPU
		{E7A1A3CB-C34A-4F92-B0D8-BE9A2D4D4619}.Debug|Any CPU.Build.0 = Debug|Any CPU
		{E7A1A3CB-C34A-4F92-B0D8-BE9A2D4D4619}.Release|Any CPU.ActiveCfg = Release|Any CPU
		{E7A1A3CB-C34A-4F92-B0D8-BE9A2D4D4619}.Release|Any CPU.Build.0 = Release|Any CPU
		{A16FC5CA-1BC3-4444-AC23-E64F3050E973}.Debug|Any CPU.ActiveCfg = Debug|Any CPU
		{A16FC5CA-1BC3-4444-AC23-E64F3050E973}.Debug|Any CPU.Build.0 = Debug|Any CPU
		{A16FC5CA-1BC3-4444-AC23-E64F3050E973}.Release|Any CPU.ActiveCfg = Release|Any CPU
		{A16FC5CA-1BC3-4444-AC23-E64F3050E973}.Release|Any CPU.Build.0 = Release|Any CPU
		{355A4A95-C0ED-4424-86B6-AACF054BFDC7}.Debug|Any CPU.ActiveCfg = Debug|Any CPU
		{355A4A95-C0ED-4424-86B6-AACF054BFDC7}.Debug|Any CPU.Build.0 = Debug|Any CPU
		{355A4A95-C0ED-4424-86B6-AACF054BFDC7}.Release|Any CPU.ActiveCfg = Release|Any CPU
		{355A4A95-C0ED-4424-86B6-AACF054BFDC7}.Release|Any CPU.Build.0 = Release|Any CPU
		{3EF21725-07C7-4A9F-B253-FCF340FF0142}.Debug|Any CPU.ActiveCfg = Debug|Any CPU
		{3EF21725-07C7-4A9F-B253-FCF340FF0142}.Debug|Any CPU.Build.0 = Debug|Any CPU
		{3EF21725-07C7-4A9F-B253-FCF340FF0142}.Release|Any CPU.ActiveCfg = Release|Any CPU
		{3EF21725-07C7-4A9F-B253-FCF340FF0142}.Release|Any CPU.Build.0 = Release|Any CPU
		{ADD094C5-D24A-4F63-AFE3-8CE52608CBFD}.Debug|Any CPU.ActiveCfg = Debug|Any CPU
		{ADD094C5-D24A-4F63-AFE3-8CE52608CBFD}.Debug|Any CPU.Build.0 = Debug|Any CPU
		{ADD094C5-D24A-4F63-AFE3-8CE52608CBFD}.Release|Any CPU.ActiveCfg = Release|Any CPU
		{ADD094C5-D24A-4F63-AFE3-8CE52608CBFD}.Release|Any CPU.Build.0 = Release|Any CPU
		{7B9B155B-FCF3-4A2B-84FC-2C4461FE45BC}.Debug|Any CPU.ActiveCfg = Debug|Any CPU
		{7B9B155B-FCF3-4A2B-84FC-2C4461FE45BC}.Debug|Any CPU.Build.0 = Debug|Any CPU
		{7B9B155B-FCF3-4A2B-84FC-2C4461FE45BC}.Release|Any CPU.ActiveCfg = Release|Any CPU
		{7B9B155B-FCF3-4A2B-84FC-2C4461FE45BC}.Release|Any CPU.Build.0 = Release|Any CPU
		{0EE2BF09-1268-4631-8A68-587239291E40}.Debug|Any CPU.ActiveCfg = Debug|Any CPU
		{0EE2BF09-1268-4631-8A68-587239291E40}.Debug|Any CPU.Build.0 = Debug|Any CPU
		{0EE2BF09-1268-4631-8A68-587239291E40}.Release|Any CPU.ActiveCfg = Release|Any CPU
		{0EE2BF09-1268-4631-8A68-587239291E40}.Release|Any CPU.Build.0 = Release|Any CPU
		{7B75DD46-2AD3-4110-91E1-F67D9016A551}.Debug|Any CPU.ActiveCfg = Debug|Any CPU
		{7B75DD46-2AD3-4110-91E1-F67D9016A551}.Debug|Any CPU.Build.0 = Debug|Any CPU
		{7B75DD46-2AD3-4110-91E1-F67D9016A551}.Release|Any CPU.ActiveCfg = Release|Any CPU
		{7B75DD46-2AD3-4110-91E1-F67D9016A551}.Release|Any CPU.Build.0 = Release|Any CPU
		{E5AABDC1-54E5-443E-9627-EBA8B4951E9F}.Debug|Any CPU.ActiveCfg = Debug|Any CPU
		{E5AABDC1-54E5-443E-9627-EBA8B4951E9F}.Debug|Any CPU.Build.0 = Debug|Any CPU
		{E5AABDC1-54E5-443E-9627-EBA8B4951E9F}.Release|Any CPU.ActiveCfg = Release|Any CPU
		{E5AABDC1-54E5-443E-9627-EBA8B4951E9F}.Release|Any CPU.Build.0 = Release|Any CPU
		{D4D20849-6734-47F2-8768-8B2BB775AC69}.Debug|Any CPU.ActiveCfg = Debug|Any CPU
		{D4D20849-6734-47F2-8768-8B2BB775AC69}.Debug|Any CPU.Build.0 = Debug|Any CPU
		{D4D20849-6734-47F2-8768-8B2BB775AC69}.Release|Any CPU.ActiveCfg = Release|Any CPU
		{D4D20849-6734-47F2-8768-8B2BB775AC69}.Release|Any CPU.Build.0 = Release|Any CPU
		{80253FDD-4626-4731-AC2D-CF0BFE69ED63}.Debug|Any CPU.ActiveCfg = Debug|Any CPU
		{80253FDD-4626-4731-AC2D-CF0BFE69ED63}.Debug|Any CPU.Build.0 = Debug|Any CPU
		{80253FDD-4626-4731-AC2D-CF0BFE69ED63}.Release|Any CPU.ActiveCfg = Release|Any CPU
		{80253FDD-4626-4731-AC2D-CF0BFE69ED63}.Release|Any CPU.Build.0 = Release|Any CPU
		{365ACAD3-9E58-4E96-B250-8B9DACE0AAB4}.Debug|Any CPU.ActiveCfg = Debug|Any CPU
		{365ACAD3-9E58-4E96-B250-8B9DACE0AAB4}.Debug|Any CPU.Build.0 = Debug|Any CPU
		{365ACAD3-9E58-4E96-B250-8B9DACE0AAB4}.Release|Any CPU.ActiveCfg = Release|Any CPU
		{365ACAD3-9E58-4E96-B250-8B9DACE0AAB4}.Release|Any CPU.Build.0 = Release|Any CPU
		{7349EEB0-3839-4B3E-863A-D5096BE93894}.Debug|Any CPU.ActiveCfg = Debug|Any CPU
		{7349EEB0-3839-4B3E-863A-D5096BE93894}.Debug|Any CPU.Build.0 = Debug|Any CPU
		{7349EEB0-3839-4B3E-863A-D5096BE93894}.Release|Any CPU.ActiveCfg = Release|Any CPU
		{7349EEB0-3839-4B3E-863A-D5096BE93894}.Release|Any CPU.Build.0 = Release|Any CPU
	EndGlobalSection
	GlobalSection(SolutionProperties) = preSolution
		HideSolutionNode = FALSE
	EndGlobalSection
	GlobalSection(ExtensibilityGlobals) = postSolution
		SolutionGuid = {D2875C04-3F90-4F35-BE97-59F7787D3587}
	EndGlobalSection
EndGlobal
